spec = "lexlean/lock/1"
language = "1.1"
compiler_semantics = "49561889f77c9c3571da51e8e53233da9df5ab8f46d16165159425ba2e82dc44"
project_config_sha256 = "363e81b5bff6d877e4c0295d7aadedb2b1a41b6810ba542d378bf043f5482a7c"
lean_toolchain = "leanprover/lean4:v4.32.1"

[[workspace_file]]
path = "lake-manifest.json"
sha256 = "5675a707b67b36d05de7be0429e807762bc71b2c8feda539777beb2728fa5a5f"

[[workspace_file]]
path = "lakefile.toml"
sha256 = "62e557827cc0ca63493955b5ea249974dcb2ec72e99c33328a77144596d83743"

[[workspace_file]]
path = "lean-toolchain"
sha256 = "8e3538e0ab5f81a3ee04927d8838c8c674e0e112838b4b3ce87ec218143276af"

[[package]]
id = "lexlean.core"
version = "1.1.0"
kind = "builtin"
source = "embedded"
revision = "compiler-semantics"
tree_sha256 = "c2a6e1ec065a2ce4e78db6bcb9ec3d511b5b4f4dc4c6db29f8c914da6d64d012"
manifest_sha256 = "b40fae762f71fbe14c8f5012adde6ab3033bf17cdb6462ddfee26041e878d567"
imports = []

[[package]]
id = "lexlean.std.bool"
version = "1.1.0"
kind = "builtin"
source = "embedded"
revision = "compiler-semantics"
tree_sha256 = "9f84dae675e88c2ecda76681e29d32133891f463313632334fbeeb68e0da68f9"
manifest_sha256 = "6dacc8e2cadf580017d572d9a487c3815f3ca816108b183e5b55aace617aeb15"
imports = ["lexlean.core@1.1.0"]

[[package]]
id = "lexlean.std.nat"
version = "1.1.0"
kind = "builtin"
source = "embedded"
revision = "compiler-semantics"
tree_sha256 = "427e771881ebc347f3614e37b9cde96bd56800c7492c78e1a3621b9f2cf05df5"
manifest_sha256 = "be2cb414091d5b8697f924de516cff5ccaa6cc9265ff1f3af8b15edb2b98bda7"
imports = ["lexlean.core@1.1.0", "lexlean.std.bool@1.1.0"]

[[package]]
id = "prism.arch"
version = "1.0.0"
kind = "path"
source = ".prism/sdk/inputs/language/prism.arch"
revision = "none"
tree_sha256 = "db3d2446b25a0fc617ede3ffd0c92c2ad2d49641eef5451ce57bca28ed69e7c0"
manifest_sha256 = "8ab357ccbdc3437ad3b98e37ee62bc17df04efb08906d1d4b1c4d58877c20ce8"
imports = ["lexlean.core@1.1.0", "lexlean.std.bool@1.1.0", "lexlean.std.nat@1.1.0"]

[[package]]
id = "prism.qual"
version = "1.0.0"
kind = "path"
source = ".prism/sdk/inputs/language/prism.qual"
revision = "none"
tree_sha256 = "aed1134dd23611a61541a626208e70120f2e9dd62abfa62eb892d66a03a2ee37"
manifest_sha256 = "7a62b7c0688c8d89e126b609079ef92a9512553a4012ffb8c826d0f1c78071f1"
imports = ["lexlean.core@1.1.0", "lexlean.std.nat@1.1.0", "prism.arch@1.0.0"]

[[package]]
id = "prism.sec"
version = "1.0.0"
kind = "path"
source = ".prism/sdk/inputs/language/prism.sec"
revision = "none"
tree_sha256 = "9815267eba3d5df7fa0ef991c356f2e8bb8cfae424f0cbfca99a91dbc9259874"
manifest_sha256 = "aa3941c467efb2844da3256cb9c7f76e8d3d2f5335f28f0d218b01cc64c6c1a1"
imports = ["lexlean.core@1.1.0", "lexlean.std.bool@1.1.0", "lexlean.std.nat@1.1.0", "prism.arch@1.0.0"]
